// !$*UTF8*$!
{
	archiveVersion = 1;
	classes = {
	};
	objectVersion = 56;
	objects = {

/* Begin PBXBuildFile section */
		62B590502B5DF2E5005BBD2E /* toDoListApp.swift in Sources */ = {isa = PBXBuildFile; fileRef = 62B5904F2B5DF2E5005BBD2E /* toDoListApp.swift */; };
		62B590522B5DF2E5005BBD2E /* MainView.swift in Sources */ = {isa = PBXBuildFile; fileRef = 62B590512B5DF2E5005BBD2E /* MainView.swift */; };
		62B590542B5DF2E7005BBD2E /* Assets.xcassets in Resources */ = {isa = PBXBuildFile; fileRef = 62B590532B5DF2E7005BBD2E /* Assets.xcassets */; };
		62B590572B5DF2E7005BBD2E /* Preview Assets.xcassets in Resources */ = {isa = PBXBuildFile; fileRef = 62B590562B5DF2E7005BBD2E /* Preview Assets.xcassets */; };
		62B5906D2B5DF5A4005BBD2E /* FirebaseAuth in Frameworks */ = {isa = PBXBuildFile; productRef = 62B5906C2B5DF5A4005BBD2E /* FirebaseAuth */; };
		62B590792B5DF5A4005BBD2E /* FirebaseFirestore in Frameworks */ = {isa = PBXBuildFile; productRef = 62B590782B5DF5A4005BBD2E /* FirebaseFirestore */; };
		62B5907D2B5DF5A4005BBD2E /* FirebaseFirestoreSwift in Frameworks */ = {isa = PBXBuildFile; productRef = 62B5907C2B5DF5A4005BBD2E /* FirebaseFirestoreSwift */; };
		62B5909D2B5DFB0F005BBD2E /* GoogleService-Info.plist in Resources */ = {isa = PBXBuildFile; fileRef = 62B5909C2B5DFB0F005BBD2E /* GoogleService-Info.plist */; };
		62B590A12B5DFE61005BBD2E /* ProfileView.swift in Sources */ = {isa = PBXBuildFile; fileRef = 62B590A02B5DFE61005BBD2E /* ProfileView.swift */; };
		62B590A32B5DFE75005BBD2E /* ToDoListView.swift in Sources */ = {isa = PBXBuildFile; fileRef = 62B590A22B5DFE75005BBD2E /* ToDoListView.swift */; };
		62B590A52B5DFE84005BBD2E /* NewItemView.swift in Sources */ = {isa = PBXBuildFile; fileRef = 62B590A42B5DFE84005BBD2E /* NewItemView.swift */; };
		62B590A72B5DFE92005BBD2E /* LoginView.swift in Sources */ = {isa = PBXBuildFile; fileRef = 62B590A62B5DFE92005BBD2E /* LoginView.swift */; };
		62B590A92B5DFEA1005BBD2E /* RegisterView.swift in Sources */ = {isa = PBXBuildFile; fileRef = 62B590A82B5DFEA1005BBD2E /* RegisterView.swift */; };
		62B590AB2B5DFECD005BBD2E /* ToDoListItemView.swift in Sources */ = {isa = PBXBuildFile; fileRef = 62B590AA2B5DFECD005BBD2E /* ToDoListItemView.swift */; };
		62B590AD2B5DFF26005BBD2E /* User.swift in Sources */ = {isa = PBXBuildFile; fileRef = 62B590AC2B5DFF26005BBD2E /* User.swift */; };
		62B590AF2B5DFF48005BBD2E /* ToDoListItem.swift in Sources */ = {isa = PBXBuildFile; fileRef = 62B590AE2B5DFF48005BBD2E /* ToDoListItem.swift */; };
		62B590B12B5DFF72005BBD2E /* MainViewViewModel.swift in Sources */ = {isa = PBXBuildFile; fileRef = 62B590B02B5DFF72005BBD2E /* MainViewViewModel.swift */; };
		62B590B32B5DFF89005BBD2E /* ProfileViewViewModel.swift in Sources */ = {isa = PBXBuildFile; fileRef = 62B590B22B5DFF89005BBD2E /* ProfileViewViewModel.swift */; };
		62B590B52B5DFF95005BBD2E /* ToDoListViewViewModel.swift in Sources */ = {isa = PBXBuildFile; fileRef = 62B590B42B5DFF95005BBD2E /* ToDoListViewViewModel.swift */; };
		62B590B72B5DFFA8005BBD2E /* NewItemViewViewModel.swift in Sources */ = {isa = PBXBuildFile; fileRef = 62B590B62B5DFFA8005BBD2E /* NewItemViewViewModel.swift */; };
		62B590B92B5DFFB3005BBD2E /* LoginViewViewModel.swift in Sources */ = {isa = PBXBuildFile; fileRef = 62B590B82B5DFFB3005BBD2E /* LoginViewViewModel.swift */; };
		62B590BB2B5DFFC0005BBD2E /* RegisterViewViewModel.swift in Sources */ = {isa = PBXBuildFile; fileRef = 62B590BA2B5DFFC0005BBD2E /* RegisterViewViewModel.swift */; };
		62B590BD2B5DFFD2005BBD2E /* ToDoListItemViewViewModel.swift in Sources */ = {isa = PBXBuildFile; fileRef = 62B590BC2B5DFFD2005BBD2E /* ToDoListItemViewViewModel.swift */; };
		62B590BF2B5E036F005BBD2E /* HeaderView.swift in Sources */ = {isa = PBXBuildFile; fileRef = 62B590BE2B5E036F005BBD2E /* HeaderView.swift */; };
		62ECDDCA2B6713EF00415306 /* TLButton.swift in Sources */ = {isa = PBXBuildFile; fileRef = 62ECDDC92B6713EF00415306 /* TLButton.swift */; };
		62ECDDCC2B674E3A00415306 /* Extensions.swift in Sources */ = {isa = PBXBuildFile; fileRef = 62ECDDCB2B674E3A00415306 /* Extensions.swift */; };
/* End PBXBuildFile section */

/* Begin PBXFileReference section */
		62B5904C2B5DF2E5005BBD2E /* toDoList.app */ = {isa = PBXFileReference; explicitFileType = wrapper.application; includeInIndex = 0; path = toDoList.app; sourceTree = BUILT_PRODUCTS_DIR; };
		62B5904F2B5DF2E5005BBD2E /* toDoListApp.swift */ = {isa = PBXFileReference; lastKnownFileType = sourcecode.swift; path = toDoListApp.swift; sourceTree = "<group>"; };
		62B590512B5DF2E5005BBD2E /* MainView.swift */ = {isa = PBXFileReference; lastKnownFileType = sourcecode.swift; path = MainView.swift; sourceTree = "<group>"; };
		62B590532B5DF2E7005BBD2E /* Assets.xcassets */ = {isa = PBXFileReference; lastKnownFileType = folder.assetcatalog; path = Assets.xcassets; sourceTree = "<group>"; };
		62B590562B5DF2E7005BBD2E /* Preview Assets.xcassets */ = {isa = PBXFileReference; lastKnownFileType = folder.assetcatalog; path = "Preview Assets.xcassets"; sourceTree = "<group>"; };
		62B5909C2B5DFB0F005BBD2E /* GoogleService-Info.plist */ = {isa = PBXFileReference; fileEncoding = 4; lastKnownFileType = text.plist.xml; name = "GoogleService-Info.plist"; path = "../../../../../Downloads/GoogleService-Info.plist"; sourceTree = "<group>"; };
		62B590A02B5DFE61005BBD2E /* ProfileView.swift */ = {isa = PBXFileReference; lastKnownFileType = sourcecode.swift; path = ProfileView.swift; sourceTree = "<group>"; };
		62B590A22B5DFE75005BBD2E /* ToDoListView.swift */ = {isa = PBXFileReference; lastKnownFileType = sourcecode.swift; path = ToDoListView.swift; sourceTree = "<group>"; };
		62B590A42B5DFE84005BBD2E /* NewItemView.swift */ = {isa = PBXFileReference; lastKnownFileType = sourcecode.swift; path = NewItemView.swift; sourceTree = "<group>"; };
		62B590A62B5DFE92005BBD2E /* LoginView.swift */ = {isa = PBXFileReference; lastKnownFileType = sourcecode.swift; path = LoginView.swift; sourceTree = "<group>"; };
		62B590A82B5DFEA1005BBD2E /* RegisterView.swift */ = {isa = PBXFileReference; lastKnownFileType = sourcecode.swift; path = RegisterView.swift; sourceTree = "<group>"; };
		62B590AA2B5DFECD005BBD2E /* ToDoListItemView.swift */ = {isa = PBXFileReference; lastKnownFileType = sourcecode.swift; path = ToDoListItemView.swift; sourceTree = "<group>"; };
		62B590AC2B5DFF26005BBD2E /* User.swift */ = {isa = PBXFileReference; lastKnownFileType = sourcecode.swift; path = User.swift; sourceTree = "<group>"; };
		62B590AE2B5DFF48005BBD2E /* ToDoListItem.swift */ = {isa = PBXFileReference; lastKnownFileType = sourcecode.swift; path = ToDoListItem.swift; sourceTree = "<group>"; };
		62B590B02B5DFF72005BBD2E /* MainViewViewModel.swift */ = {isa = PBXFileReference; lastKnownFileType = sourcecode.swift; path = MainViewViewModel.swift; sourceTree = "<group>"; };
		62B590B22B5DFF89005BBD2E /* ProfileViewViewModel.swift */ = {isa = PBXFileReference; lastKnownFileType = sourcecode.swift; path = ProfileViewViewModel.swift; sourceTree = "<group>"; };
		62B590B42B5DFF95005BBD2E /* ToDoListViewViewModel.swift */ = {isa = PBXFileReference; lastKnownFileType = sourcecode.swift; path = ToDoListViewViewModel.swift; sourceTree = "<group>"; };
		62B590B62B5DFFA8005BBD2E /* NewItemViewViewModel.swift */ = {isa = PBXFileReference; lastKnownFileType = sourcecode.swift; path = NewItemViewViewModel.swift; sourceTree = "<group>"; };
		62B590B82B5DFFB3005BBD2E /* LoginViewViewModel.swift */ = {isa = PBXFileReference; lastKnownFileType = sourcecode.swift; path = LoginViewViewModel.swift; sourceTree = "<group>"; };
		62B590BA2B5DFFC0005BBD2E /* RegisterViewViewModel.swift */ = {isa = PBXFileReference; lastKnownFileType = sourcecode.swift; path = RegisterViewViewModel.swift; sourceTree = "<group>"; };
		62B590BC2B5DFFD2005BBD2E /* ToDoListItemViewViewModel.swift */ = {isa = PBXFileReference; lastKnownFileType = sourcecode.swift; path = ToDoListItemViewViewModel.swift; sourceTree = "<group>"; };
		62B590BE2B5E036F005BBD2E /* HeaderView.swift */ = {isa = PBXFileReference; lastKnownFileType = sourcecode.swift; path = HeaderView.swift; sourceTree = "<group>"; };
		62ECDDC92B6713EF00415306 /* TLButton.swift */ = {isa = PBXFileReference; lastKnownFileType = sourcecode.swift; path = TLButton.swift; sourceTree = "<group>"; };
		62ECDDCB2B674E3A00415306 /* Extensions.swift */ = {isa = PBXFileReference; lastKnownFileType = sourcecode.swift; path = Extensions.swift; sourceTree = "<group>"; };
/* End PBXFileReference section */

/* Begin PBXFrameworksBuildPhase section */
		62B590492B5DF2E5005BBD2E /* Frameworks */ = {
			isa = PBXFrameworksBuildPhase;
			buildActionMask = 2147483647;
			files = (
				62B590792B5DF5A4005BBD2E /* FirebaseFirestore in Frameworks */,
				62B5907D2B5DF5A4005BBD2E /* FirebaseFirestoreSwift in Frameworks */,
				62B5906D2B5DF5A4005BBD2E /* FirebaseAuth in Frameworks */,
			);
			runOnlyForDeploymentPostprocessing = 0;
		};
/* End PBXFrameworksBuildPhase section */

/* Begin PBXGroup section */
		62B590432B5DF2E5005BBD2E = {
			isa = PBXGroup;
			children = (
				62B5904E2B5DF2E5005BBD2E /* toDoList */,
				62B5904D2B5DF2E5005BBD2E /* Products */,
			);
			sourceTree = "<group>";
		};
		62B5904D2B5DF2E5005BBD2E /* Products */ = {
			isa = PBXGroup;
			children = (
				62B5904C2B5DF2E5005BBD2E /* toDoList.app */,
			);
			name = Products;
			sourceTree = "<group>";
		};
		62B5904E2B5DF2E5005BBD2E /* toDoList */ = {
			isa = PBXGroup;
			children = (
				62B5909A2B5DF92F005BBD2E /* Other */,
				62B590992B5DF920005BBD2E /* Models */,
				62B590982B5DF915005BBD2E /* ViewModels */,
				62B590972B5DF902005BBD2E /* Views */,
				62B590552B5DF2E7005BBD2E /* Preview Content */,
			);
			path = toDoList;
			sourceTree = "<group>";
		};
		62B590552B5DF2E7005BBD2E /* Preview Content */ = {
			isa = PBXGroup;
			children = (
				62B590562B5DF2E7005BBD2E /* Preview Assets.xcassets */,
			);
			path = "Preview Content";
			sourceTree = "<group>";
		};
		62B590972B5DF902005BBD2E /* Views */ = {
			isa = PBXGroup;
			children = (
				62B590512B5DF2E5005BBD2E /* MainView.swift */,
				62B590A02B5DFE61005BBD2E /* ProfileView.swift */,
				62B590A22B5DFE75005BBD2E /* ToDoListView.swift */,
				62B590AA2B5DFECD005BBD2E /* ToDoListItemView.swift */,
				62B590A42B5DFE84005BBD2E /* NewItemView.swift */,
				62B590A62B5DFE92005BBD2E /* LoginView.swift */,
				62B590A82B5DFEA1005BBD2E /* RegisterView.swift */,
				62B590BE2B5E036F005BBD2E /* HeaderView.swift */,
				62ECDDC92B6713EF00415306 /* TLButton.swift */,
			);
			path = Views;
			sourceTree = "<group>";
		};
		62B590982B5DF915005BBD2E /* ViewModels */ = {
			isa = PBXGroup;
			children = (
				62B590B02B5DFF72005BBD2E /* MainViewViewModel.swift */,
				62B590B22B5DFF89005BBD2E /* ProfileViewViewModel.swift */,
				62B590BC2B5DFFD2005BBD2E /* ToDoListItemViewViewModel.swift */,
				62B590B62B5DFFA8005BBD2E /* NewItemViewViewModel.swift */,
				62B590B82B5DFFB3005BBD2E /* LoginViewViewModel.swift */,
				62B590BA2B5DFFC0005BBD2E /* RegisterViewViewModel.swift */,
				62B590B42B5DFF95005BBD2E /* ToDoListViewViewModel.swift */,
			);
			path = ViewModels;
			sourceTree = "<group>";
		};
		62B590992B5DF920005BBD2E /* Models */ = {
			isa = PBXGroup;
			children = (
				62B590AC2B5DFF26005BBD2E /* User.swift */,
				62B590AE2B5DFF48005BBD2E /* ToDoListItem.swift */,
			);
			path = Models;
			sourceTree = "<group>";
		};
		62B5909A2B5DF92F005BBD2E /* Other */ = {
			isa = PBXGroup;
			children = (
				62B5909C2B5DFB0F005BBD2E /* GoogleService-Info.plist */,
				62B5904F2B5DF2E5005BBD2E /* toDoListApp.swift */,
				62B590532B5DF2E7005BBD2E /* Assets.xcassets */,
				62ECDDCB2B674E3A00415306 /* Extensions.swift */,
			);
			path = Other;
			sourceTree = "<group>";
		};
/* End PBXGroup section */

/* Begin PBXNativeTarget section */
		62B5904B2B5DF2E5005BBD2E /* toDoList */ = {
			isa = PBXNativeTarget;
			buildConfigurationList = 62B5905A2B5DF2E7005BBD2E /* Build configuration list for PBXNativeTarget "toDoList" */;
			buildPhases = (
				62B590482B5DF2E5005BBD2E /* Sources */,
				62B590492B5DF2E5005BBD2E /* Frameworks */,
				62B5904A2B5DF2E5005BBD2E /* Resources */,
			);
			buildRules = (
			);
			dependencies = (
			);
			name = toDoList;
			packageProductDependencies = (
				62B5906C2B5DF5A4005BBD2E /* FirebaseAuth */,
				62B590782B5DF5A4005BBD2E /* FirebaseFirestore */,
				62B5907C2B5DF5A4005BBD2E /* FirebaseFirestoreSwift */,
			);
			productName = toDoList;
			productReference = 62B5904C2B5DF2E5005BBD2E /* toDoList.app */;
			productType = "com.apple.product-type.application";
		};
/* End PBXNativeTarget section */

/* Begin PBXProject section */
		62B590442B5DF2E5005BBD2E /* Project object */ = {
			isa = PBXProject;
			attributes = {
				BuildIndependentTargetsInParallel = 1;
				LastSwiftUpdateCheck = 1520;
				LastUpgradeCheck = 1520;
				TargetAttributes = {
					62B5904B2B5DF2E5005BBD2E = {
						CreatedOnToolsVersion = 15.2;
					};
				};
			};
			buildConfigurationList = 62B590472B5DF2E5005BBD2E /* Build configuration list for PBXProject "toDoList" */;
			compatibilityVersion = "Xcode 14.0";
			developmentRegion = en;
			hasScannedForEncodings = 0;
			knownRegions = (
				en,
				Base,
			);
			mainGroup = 62B590432B5DF2E5005BBD2E;
			packageReferences = (
				62B5905F2B5DF5A4005BBD2E /* XCRemoteSwiftPackageReference "firebase-ios-sdk" */,
			);
			productRefGroup = 62B5904D2B5DF2E5005BBD2E /* Products */;
			projectDirPath = "";
			projectRoot = "";
			targets = (
				62B5904B2B5DF2E5005BBD2E /* toDoList */,
			);
		};
/* End PBXProject section */

/* Begin PBXResourcesBuildPhase section */
		62B5904A2B5DF2E5005BBD2E /* Resources */ = {
			isa = PBXResourcesBuildPhase;
			buildActionMask = 2147483647;
			files = (
				62B590572B5DF2E7005BBD2E /* Preview Assets.xcassets in Resources */,
				62B590542B5DF2E7005BBD2E /* Assets.xcassets in Resources */,
				62B5909D2B5DFB0F005BBD2E /* GoogleService-Info.plist in Resources */,
			);
			runOnlyForDeploymentPostprocessing = 0;
		};
/* End PBXResourcesBuildPhase section */

/* Begin PBXSourcesBuildPhase section */
		62B590482B5DF2E5005BBD2E /* Sources */ = {
			isa = PBXSourcesBuildPhase;
			buildActionMask = 2147483647;
			files = (
				62B590A72B5DFE92005BBD2E /* LoginView.swift in Sources */,
				62B590BF2B5E036F005BBD2E /* HeaderView.swift in Sources */,
				62B590522B5DF2E5005BBD2E /* MainView.swift in Sources */,
				62B590BB2B5DFFC0005BBD2E /* RegisterViewViewModel.swift in Sources */,
				62B590B12B5DFF72005BBD2E /* MainViewViewModel.swift in Sources */,
				62B590A32B5DFE75005BBD2E /* ToDoListView.swift in Sources */,
				62B590A92B5DFEA1005BBD2E /* RegisterView.swift in Sources */,
				62ECDDCA2B6713EF00415306 /* TLButton.swift in Sources */,
				62B590B32B5DFF89005BBD2E /* ProfileViewViewModel.swift in Sources */,
				62B590A12B5DFE61005BBD2E /* ProfileView.swift in Sources */,
				62B590AD2B5DFF26005BBD2E /* User.swift in Sources */,
				62B590AB2B5DFECD005BBD2E /* ToDoListItemView.swift in Sources */,
				62B590B52B5DFF95005BBD2E /* ToDoListViewViewModel.swift in Sources */,
				62B590B92B5DFFB3005BBD2E /* LoginViewViewModel.swift in Sources */,
				62B590502B5DF2E5005BBD2E /* toDoListApp.swift in Sources */,
				62ECDDCC2B674E3A00415306 /* Extensions.swift in Sources */,
				62B590AF2B5DFF48005BBD2E /* ToDoListItem.swift in Sources */,
				62B590A52B5DFE84005BBD2E /* NewItemView.swift in Sources */,
				62B590B72B5DFFA8005BBD2E /* NewItemViewViewModel.swift in Sources */,
				62B590BD2B5DFFD2005BBD2E /* ToDoListItemViewViewModel.swift in Sources */,
			);
			runOnlyForDeploymentPostprocessing = 0;
		};
/* End PBXSourcesBuildPhase section */

/* Begin XCBuildConfiguration section */
		62B590582B5DF2E7005BBD2E /* Debug */ = {
			isa = XCBuildConfiguration;
			buildSettings = {
				ALWAYS_SEARCH_USER_PATHS = NO;
				ASSETCATALOG_COMPILER_GENERATE_SWIFT_ASSET_SYMBOL_EXTENSIONS = YES;
				CLANG_ANALYZER_NONNULL = YES;
				CLANG_ANALYZER_NUMBER_OBJECT_CONVERSION = YES_AGGRESSIVE;
				CLANG_CXX_LANGUAGE_STANDARD = "gnu++20";
				CLANG_ENABLE_MODULES = YES;
				CLANG_ENABLE_OBJC_ARC = YES;
				CLANG_ENABLE_OBJC_WEAK = YES;
				CLANG_WARN_BLOCK_CAPTURE_AUTORELEASING = YES;
				CLANG_WARN_BOOL_CONVERSION = YES;
				CLANG_WARN_COMMA = YES;
				CLANG_WARN_CONSTANT_CONVERSION = YES;
				CLANG_WARN_DEPRECATED_OBJC_IMPLEMENTATIONS = YES;
				CLANG_WARN_DIRECT_OBJC_ISA_USAGE = YES_ERROR;
				CLANG_WARN_DOCUMENTATION_COMMENTS = YES;
				CLANG_WARN_EMPTY_BODY = YES;
				CLANG_WARN_ENUM_CONVERSION = YES;
				CLANG_WARN_INFINITE_RECURSION = YES;
				CLANG_WARN_INT_CONVERSION = YES;
				CLANG_WARN_NON_LITERAL_NULL_CONVERSION = YES;
				CLANG_WARN_OBJC_IMPLICIT_RETAIN_SELF = YES;
				CLANG_WARN_OBJC_LITERAL_CONVERSION = YES;
				CLANG_WARN_OBJC_ROOT_CLASS = YES_ERROR;
				CLANG_WARN_QUOTED_INCLUDE_IN_FRAMEWORK_HEADER = YES;
				CLANG_WARN_RANGE_LOOP_ANALYSIS = YES;
				CLANG_WARN_STRICT_PROTOTYPES = YES;
				CLANG_WARN_SUSPICIOUS_MOVE = YES;
				CLANG_WARN_UNGUARDED_AVAILABILITY = YES_AGGRESSIVE;
				CLANG_WARN_UNREACHABLE_CODE = YES;
				CLANG_WARN__DUPLICATE_METHOD_MATCH = YES;
				COPY_PHASE_STRIP = NO;
				DEBUG_INFORMATION_FORMAT = dwarf;
				ENABLE_STRICT_OBJC_MSGSEND = YES;
				ENABLE_TESTABILITY = YES;
				ENABLE_USER_SCRIPT_SANDBOXING = YES;
				GCC_C_LANGUAGE_STANDARD = gnu17;
				GCC_DYNAMIC_NO_PIC = NO;
				GCC_NO_COMMON_BLOCKS = YES;
				GCC_OPTIMIZATION_LEVEL = 0;
				GCC_PREPROCESSOR_DEFINITIONS = (
					"DEBUG=1",
					"$(inherited)",
				);
				GCC_WARN_64_TO_32_BIT_CONVERSION = YES;
				GCC_WARN_ABOUT_RETURN_TYPE = YES_ERROR;
				GCC_WARN_UNDECLARED_SELECTOR = YES;
				GCC_WARN_UNINITIALIZED_AUTOS = YES_AGGRESSIVE;
				GCC_WARN_UNUSED_FUNCTION = YES;
				GCC_WARN_UNUSED_VARIABLE = YES;
				IPHONEOS_DEPLOYMENT_TARGET = 17.2;
				LOCALIZATION_PREFERS_STRING_CATALOGS = YES;
				MTL_ENABLE_DEBUG_INFO = INCLUDE_SOURCE;
				MTL_FAST_MATH = YES;
				ONLY_ACTIVE_ARCH = YES;
				SDKROOT = iphoneos;
				SWIFT_ACTIVE_COMPILATION_CONDITIONS = "DEBUG $(inherited)";
				SWIFT_OPTIMIZATION_LEVEL = "-Onone";
			};
			name = Debug;
		};
		62B590592B5DF2E7005BBD2E /* Release */ = {
			isa = XCBuildConfiguration;
			buildSettings = {
				ALWAYS_SEARCH_USER_PATHS = NO;
				ASSETCATALOG_COMPILER_GENERATE_SWIFT_ASSET_SYMBOL_EXTENSIONS = YES;
				CLANG_ANALYZER_NONNULL = YES;
				CLANG_ANALYZER_NUMBER_OBJECT_CONVERSION = YES_AGGRESSIVE;
				CLANG_CXX_LANGUAGE_STANDARD = "gnu++20";
				CLANG_ENABLE_MODULES = YES;
				CLANG_ENABLE_OBJC_ARC = YES;
				CLANG_ENABLE_OBJC_WEAK = YES;
				CLANG_WARN_BLOCK_CAPTURE_AUTORELEASING = YES;
				CLANG_WARN_BOOL_CONVERSION = YES;
				CLANG_WARN_COMMA = YES;
				CLANG_WARN_CONSTANT_CONVERSION = YES;
				CLANG_WARN_DEPRECATED_OBJC_IMPLEMENTATIONS = YES;
				CLANG_WARN_DIRECT_OBJC_ISA_USAGE = YES_ERROR;
				CLANG_WARN_DOCUMENTATION_COMMENTS = YES;
				CLANG_WARN_EMPTY_BODY = YES;
				CLANG_WARN_ENUM_CONVERSION = YES;
				CLANG_WARN_INFINITE_RECURSION = YES;
				CLANG_WARN_INT_CONVERSION = YES;
				CLANG_WARN_NON_LITERAL_NULL_CONVERSION = YES;
				CLANG_WARN_OBJC_IMPLICIT_RETAIN_SELF = YES;
				CLANG_WARN_OBJC_LITERAL_CONVERSION = YES;
				CLANG_WARN_OBJC_ROOT_CLASS = YES_ERROR;
				CLANG_WARN_QUOTED_INCLUDE_IN_FRAMEWORK_HEADER = YES;
				CLANG_WARN_RANGE_LOOP_ANALYSIS = YES;
				CLANG_WARN_STRICT_PROTOTYPES = YES;
				CLANG_WARN_SUSPICIOUS_MOVE = YES;
				CLANG_WARN_UNGUARDED_AVAILABILITY = YES_AGGRESSIVE;
				CLANG_WARN_UNREACHABLE_CODE = YES;
				CLANG_WARN__DUPLICATE_METHOD_MATCH = YES;
				COPY_PHASE_STRIP = NO;
				DEBUG_INFORMATION_FORMAT = "dwarf-with-dsym";
				ENABLE_NS_ASSERTIONS = NO;
				ENABLE_STRICT_OBJC_MSGSEND = YES;
				ENABLE_USER_SCRIPT_SANDBOXING = YES;
				GCC_C_LANGUAGE_STANDARD = gnu17;
				GCC_NO_COMMON_BLOCKS = YES;
				GCC_WARN_64_TO_32_BIT_CONVERSION = YES;
				GCC_WARN_ABOUT_RETURN_TYPE = YES_ERROR;
				GCC_WARN_UNDECLARED_SELECTOR = YES;
				GCC_WARN_UNINITIALIZED_AUTOS = YES_AGGRESSIVE;
				GCC_WARN_UNUSED_FUNCTION = YES;
				GCC_WARN_UNUSED_VARIABLE = YES;
				IPHONEOS_DEPLOYMENT_TARGET = 17.2;
				LOCALIZATION_PREFERS_STRING_CATALOGS = YES;
				MTL_ENABLE_DEBUG_INFO = NO;
				MTL_FAST_MATH = YES;
				SDKROOT = iphoneos;
				SWIFT_COMPILATION_MODE = wholemodule;
				VALIDATE_PRODUCT = YES;
			};
			name = Release;
		};
		62B5905B2B5DF2E7005BBD2E /* Debug */ = {
			isa = XCBuildConfiguration;
			buildSettings = {
				ASSETCATALOG_COMPILER_APPICON_NAME = AppIcon;
				ASSETCATALOG_COMPILER_GLOBAL_ACCENT_COLOR_NAME = AccentColor;
				CODE_SIGN_STYLE = Automatic;
				CURRENT_PROJECT_VERSION = 1;
				DEVELOPMENT_ASSET_PATHS = "\"toDoList/Preview Content\"";
				DEVELOPMENT_TEAM = MK6AZ95Y29;
				ENABLE_PREVIEWS = YES;
				GENERATE_INFOPLIST_FILE = YES;
				INFOPLIST_KEY_CFBundleDisplayName = "To Do List";
				INFOPLIST_KEY_UIApplicationSceneManifest_Generation = YES;
				INFOPLIST_KEY_UIApplicationSupportsIndirectInputEvents = YES;
				INFOPLIST_KEY_UILaunchScreen_Generation = YES;
				INFOPLIST_KEY_UISupportedInterfaceOrientations = UIInterfaceOrientationPortrait;
				LD_RUNPATH_SEARCH_PATHS = (
					"$(inherited)",
					"@executable_path/Frameworks",
				);
				MARKETING_VERSION = 1.0;
				PRODUCT_BUNDLE_IDENTIFIER = PersonalProjects.toDoList;
				PRODUCT_NAME = "$(TARGET_NAME)";
				SWIFT_EMIT_LOC_STRINGS = YES;
				SWIFT_VERSION = 5.0;
				TARGETED_DEVICE_FAMILY = "1,2";
			};
			name = Debug;
		};
		62B5905C2B5DF2E7005BBD2E /* Release */ = {
			isa = XCBuildConfiguration;
			buildSettings = {
				ASSETCATALOG_COMPILER_APPICON_NAME = AppIcon;
				ASSETCATALOG_COMPILER_GLOBAL_ACCENT_COLOR_NAME = AccentColor;
				CODE_SIGN_STYLE = Automatic;
				CURRENT_PROJECT_VERSION = 1;
				DEVELOPMENT_ASSET_PATHS = "\"toDoList/Preview Content\"";
				DEVELOPMENT_TEAM = MK6AZ95Y29;
				ENABLE_PREVIEWS = YES;
				GENERATE_INFOPLIST_FILE = YES;
				INFOPLIST_KEY_CFBundleDisplayName = "To Do List";
				INFOPLIST_KEY_UIApplicationSceneManifest_Generation = YES;
				INFOPLIST_KEY_UIApplicationSupportsIndirectInputEvents = YES;
				INFOPLIST_KEY_UILaunchScreen_Generation = YES;
				INFOPLIST_KEY_UISupportedInterfaceOrientations = UIInterfaceOrientationPortrait;
				LD_RUNPATH_SEARCH_PATHS = (
					"$(inherited)",
					"@executable_path/Frameworks",
				);
				MARKETING_VERSION = 1.0;
				PRODUCT_BUNDLE_IDENTIFIER = PersonalProjects.toDoList;
				PRODUCT_NAME = "$(TARGET_NAME)";
				SWIFT_EMIT_LOC_STRINGS = YES;
				SWIFT_VERSION = 5.0;
				TARGETED_DEVICE_FAMILY = "1,2";
			};
			name = Release;
		};
/* End XCBuildConfiguration section */

/* Begin XCConfigurationList section */
		62B590472B5DF2E5005BBD2E /* Build configuration list for PBXProject "toDoList" */ = {
			isa = XCConfigurationList;
			buildConfigurations = (
				62B590582B5DF2E7005BBD2E /* Debug */,
				62B590592B5DF2E7005BBD2E /* Release */,
			);
			defaultConfigurationIsVisible = 0;
			defaultConfigurationName = Release;
		};
		62B5905A2B5DF2E7005BBD2E /* Build configuration list for PBXNativeTarget "toDoList" */ = {
			isa = XCConfigurationList;
			buildConfigurations = (
				62B5905B2B5DF2E7005BBD2E /* Debug */,
				62B5905C2B5DF2E7005BBD2E /* Release */,
			);
			defaultConfigurationIsVisible = 0;
			defaultConfigurationName = Release;
		};
/* End XCConfigurationList section */

/* Begin XCRemoteSwiftPackageReference section */
		62B5905F2B5DF5A4005BBD2E /* XCRemoteSwiftPackageReference "firebase-ios-sdk" */ = {
			isa = XCRemoteSwiftPackageReference;
			repositoryURL = "https://github.com/firebase/firebase-ios-sdk";
			requirement = {
				kind = upToNextMajorVersion;
				minimumVersion = 10.20.0;
			};
		};
/* End XCRemoteSwiftPackageReference section */

/* Begin XCSwiftPackageProductDependency section */
		62B5906C2B5DF5A4005BBD2E /* FirebaseAuth */ = {
			isa = XCSwiftPackageProductDependency;
			package = 62B5905F2B5DF5A4005BBD2E /* XCRemoteSwiftPackageReference "firebase-ios-sdk" */;
			productName = FirebaseAuth;
		};
		62B590782B5DF5A4005BBD2E /* FirebaseFirestore */ = {
			isa = XCSwiftPackageProductDependency;
			package = 62B5905F2B5DF5A4005BBD2E /* XCRemoteSwiftPackageReference "firebase-ios-sdk" */;
			productName = FirebaseFirestore;
		};
		62B5907C2B5DF5A4005BBD2E /* FirebaseFirestoreSwift */ = {
			isa = XCSwiftPackageProductDependency;
			package = 62B5905F2B5DF5A4005BBD2E /* XCRemoteSwiftPackageReference "firebase-ios-sdk" */;
			productName = FirebaseFirestoreSwift;
		};
/* End XCSwiftPackageProductDependency section */
	};
	rootObject = 62B590442B5DF2E5005BBD2E /* Project object */;
}
